// !$*UTF8*$!
{
	archiveVersion = 1;
	classes = {
	};
	objectVersion = 56;
	objects = {

/* Begin PBXBuildFile section */
		BC03E5A12C5DB5FB000D63A2 /* DearFriendApp.swift in Sources */ = {isa = PBXBuildFile; fileRef = BC03E5A02C5DB5FB000D63A2 /* DearFriendApp.swift */; };
		BC03E5A32C5DB5FB000D63A2 /* ContentView.swift in Sources */ = {isa = PBXBuildFile; fileRef = BC03E5A22C5DB5FB000D63A2 /* ContentView.swift */; };
		BC03E5A52C5DB5FC000D63A2 /* Assets.xcassets in Resources */ = {isa = PBXBuildFile; fileRef = BC03E5A42C5DB5FC000D63A2 /* Assets.xcassets */; };
		BC03E5A82C5DB5FC000D63A2 /* Preview Assets.xcassets in Resources */ = {isa = PBXBuildFile; fileRef = BC03E5A72C5DB5FC000D63A2 /* Preview Assets.xcassets */; };
		BC03E5B22C5DB639000D63A2 /* SwiftUIView.swift in Sources */ = {isa = PBXBuildFile; fileRef = BC03E5B12C5DB639000D63A2 /* SwiftUIView.swift */; };
		BC03E5B42C5DB6BD000D63A2 /* ExampleVM.swift in Sources */ = {isa = PBXBuildFile; fileRef = BC03E5B32C5DB6BD000D63A2 /* ExampleVM.swift */; };
		BC03E5B62C5DB73E000D63A2 /* ExampleModel.swift in Sources */ = {isa = PBXBuildFile; fileRef = BC03E5B52C5DB73E000D63A2 /* ExampleModel.swift */; };
/* End PBXBuildFile section */

/* Begin PBXFileReference section */
		BC03E59D2C5DB5FB000D63A2 /* DearFriend.app */ = {isa = PBXFileReference; explicitFileType = wrapper.application; includeInIndex = 0; path = DearFriend.app; sourceTree = BUILT_PRODUCTS_DIR; };
		BC03E5A02C5DB5FB000D63A2 /* DearFriendApp.swift */ = {isa = PBXFileReference; lastKnownFileType = sourcecode.swift; path = DearFriendApp.swift; sourceTree = "<group>"; };
		BC03E5A22C5DB5FB000D63A2 /* ContentView.swift */ = {isa = PBXFileReference; lastKnownFileType = sourcecode.swift; path = ContentView.swift; sourceTree = "<group>"; };
		BC03E5A42C5DB5FC000D63A2 /* Assets.xcassets */ = {isa = PBXFileReference; lastKnownFileType = folder.assetcatalog; path = Assets.xcassets; sourceTree = "<group>"; };
		BC03E5A72C5DB5FC000D63A2 /* Preview Assets.xcassets */ = {isa = PBXFileReference; lastKnownFileType = folder.assetcatalog; path = "Preview Assets.xcassets"; sourceTree = "<group>"; };
		BC03E5B12C5DB639000D63A2 /* SwiftUIView.swift */ = {isa = PBXFileReference; lastKnownFileType = sourcecode.swift; path = SwiftUIView.swift; sourceTree = "<group>"; };
		BC03E5B32C5DB6BD000D63A2 /* ExampleVM.swift */ = {isa = PBXFileReference; lastKnownFileType = sourcecode.swift; path = ExampleVM.swift; sourceTree = "<group>"; };
		BC03E5B52C5DB73E000D63A2 /* ExampleModel.swift */ = {isa = PBXFileReference; lastKnownFileType = sourcecode.swift; path = ExampleModel.swift; sourceTree = "<group>"; };
/* End PBXFileReference section */

/* Begin PBXFrameworksBuildPhase section */
		BC03E59A2C5DB5FB000D63A2 /* Frameworks */ = {
			isa = PBXFrameworksBuildPhase;
			buildActionMask = 2147483647;
			files = (
			);
			runOnlyForDeploymentPostprocessing = 0;
		};
/* End PBXFrameworksBuildPhase section */

/* Begin PBXGroup section */
		BC03E5942C5DB5FB000D63A2 = {
			isa = PBXGroup;
			children = (
				BC03E59F2C5DB5FB000D63A2 /* DearFriend */,
				BC03E59E2C5DB5FB000D63A2 /* Products */,
			);
			sourceTree = "<group>";
		};
		BC03E59E2C5DB5FB000D63A2 /* Products */ = {
			isa = PBXGroup;
			children = (
				BC03E59D2C5DB5FB000D63A2 /* DearFriend.app */,
			);
			name = Products;
			sourceTree = "<group>";
		};
		BC03E59F2C5DB5FB000D63A2 /* DearFriend */ = {
			isa = PBXGroup;
			children = (
				BC03E5AE2C5DB60A000D63A2 /* View */,
				BC03E5AF2C5DB612000D63A2 /* Model */,
				BC03E5B02C5DB616000D63A2 /* ViewModel */,
				BC03E5A02C5DB5FB000D63A2 /* DearFriendApp.swift */,
				BC03E5A22C5DB5FB000D63A2 /* ContentView.swift */,
				BC03E5A42C5DB5FC000D63A2 /* Assets.xcassets */,
				BC03E5A62C5DB5FC000D63A2 /* Preview Content */,
			);
			path = DearFriend;
			sourceTree = "<group>";
		};
		BC03E5A62C5DB5FC000D63A2 /* Preview Content */ = {
			isa = PBXGroup;
			children = (
				BC03E5A72C5DB5FC000D63A2 /* Preview Assets.xcassets */,
			);
			path = "Preview Content";
			sourceTree = "<group>";
		};
		BC03E5AE2C5DB60A000D63A2 /* View */ = {
			isa = PBXGroup;
			children = (
				BC03E5B12C5DB639000D63A2 /* SwiftUIView.swift */,
			);
			path = View;
			sourceTree = "<group>";
		};
		BC03E5AF2C5DB612000D63A2 /* Model */ = {
			isa = PBXGroup;
			children = (
				BC03E5B52C5DB73E000D63A2 /* ExampleModel.swift */,
			);
			path = Model;
			sourceTree = "<group>";
		};
		BC03E5B02C5DB616000D63A2 /* ViewModel */ = {
			isa = PBXGroup;
			children = (
				BC03E5B32C5DB6BD000D63A2 /* ExampleVM.swift */,
			);
			path = ViewModel;
			sourceTree = "<group>";
		};
/* End PBXGroup section */

/* Begin PBXNativeTarget section */
		BC03E59C2C5DB5FB000D63A2 /* DearFriend */ = {
			isa = PBXNativeTarget;
			buildConfigurationList = BC03E5AB2C5DB5FC000D63A2 /* Build configuration list for PBXNativeTarget "DearFriend" */;
			buildPhases = (
				BC03E5992C5DB5FB000D63A2 /* Sources */,
				BC03E59A2C5DB5FB000D63A2 /* Frameworks */,
				BC03E59B2C5DB5FB000D63A2 /* Resources */,
			);
			buildRules = (
			);
			dependencies = (
			);
			name = DearFriend;
			productName = DearFriend;
			productReference = BC03E59D2C5DB5FB000D63A2 /* DearFriend.app */;
			productType = "com.apple.product-type.application";
		};
/* End PBXNativeTarget section */

/* Begin PBXProject section */
		BC03E5952C5DB5FB000D63A2 /* Project object */ = {
			isa = PBXProject;
			attributes = {
				BuildIndependentTargetsInParallel = 1;
				LastSwiftUpdateCheck = 1540;
				LastUpgradeCheck = 1540;
				TargetAttributes = {
					BC03E59C2C5DB5FB000D63A2 = {
						CreatedOnToolsVersion = 15.4;
					};
				};
			};
			buildConfigurationList = BC03E5982C5DB5FB000D63A2 /* Build configuration list for PBXProject "DearFriend" */;
			compatibilityVersion = "Xcode 14.0";
			developmentRegion = en;
			hasScannedForEncodings = 0;
			knownRegions = (
				en,
				Base,
			);
			mainGroup = BC03E5942C5DB5FB000D63A2;
			productRefGroup = BC03E59E2C5DB5FB000D63A2 /* Products */;
			projectDirPath = "";
			projectRoot = "";
			targets = (
				BC03E59C2C5DB5FB000D63A2 /* DearFriend */,
			);
		};
/* End PBXProject section */

/* Begin PBXResourcesBuildPhase section */
		BC03E59B2C5DB5FB000D63A2 /* Resources */ = {
			isa = PBXResourcesBuildPhase;
			buildActionMask = 2147483647;
			files = (
				BC03E5A82C5DB5FC000D63A2 /* Preview Assets.xcassets in Resources */,
				BC03E5A52C5DB5FC000D63A2 /* Assets.xcassets in Resources */,
			);
			runOnlyForDeploymentPostprocessing = 0;
		};
/* End PBXResourcesBuildPhase section */

/* Begin PBXSourcesBuildPhase section */
		BC03E5992C5DB5FB000D63A2 /* Sources */ = {
			isa = PBXSourcesBuildPhase;
			buildActionMask = 2147483647;
			files = (
				BC03E5B62C5DB73E000D63A2 /* ExampleModel.swift in Sources */,
				BC03E5A32C5DB5FB000D63A2 /* ContentView.swift in Sources */,
				BC03E5A12C5DB5FB000D63A2 /* DearFriendApp.swift in Sources */,
				BC03E5B42C5DB6BD000D63A2 /* ExampleVM.swift in Sources */,
				BC03E5B22C5DB639000D63A2 /* SwiftUIView.swift in Sources */,
			);
			runOnlyForDeploymentPostprocessing = 0;
		};
/* End PBXSourcesBuildPhase section */

/* Begin XCBuildConfiguration section */
		BC03E5A92C5DB5FC000D63A2 /* Debug */ = {
			isa = XCBuildConfiguration;
			buildSettings = {
				ALWAYS_SEARCH_USER_PATHS = NO;
				ASSETCATALOG_COMPILER_GENERATE_SWIFT_ASSET_SYMBOL_EXTENSIONS = YES;
				CLANG_ANALYZER_NONNULL = YES;
				CLANG_ANALYZER_NUMBER_OBJECT_CONVERSION = YES_AGGRESSIVE;
				CLANG_CXX_LANGUAGE_STANDARD = "gnu++20";
				CLANG_ENABLE_MODULES = YES;
				CLANG_ENABLE_OBJC_ARC = YES;
				CLANG_ENABLE_OBJC_WEAK = YES;
				CLANG_WARN_BLOCK_CAPTURE_AUTORELEASING = YES;
				CLANG_WARN_BOOL_CONVERSION = YES;
				CLANG_WARN_COMMA = YES;
				CLANG_WARN_CONSTANT_CONVERSION = YES;
				CLANG_WARN_DEPRECATED_OBJC_IMPLEMENTATIONS = YES;
				CLANG_WARN_DIRECT_OBJC_ISA_USAGE = YES_ERROR;
				CLANG_WARN_DOCUMENTATION_COMMENTS = YES;
				CLANG_WARN_EMPTY_BODY = YES;
				CLANG_WARN_ENUM_CONVERSION = YES;
				CLANG_WARN_INFINITE_RECURSION = YES;
				CLANG_WARN_INT_CONVERSION = YES;
				CLANG_WARN_NON_LITERAL_NULL_CONVERSION = YES;
				CLANG_WARN_OBJC_IMPLICIT_RETAIN_SELF = YES;
				CLANG_WARN_OBJC_LITERAL_CONVERSION = YES;
				CLANG_WARN_OBJC_ROOT_CLASS = YES_ERROR;
				CLANG_WARN_QUOTED_INCLUDE_IN_FRAMEWORK_HEADER = YES;
				CLANG_WARN_RANGE_LOOP_ANALYSIS = YES;
				CLANG_WARN_STRICT_PROTOTYPES = YES;
				CLANG_WARN_SUSPICIOUS_MOVE = YES;
				CLANG_WARN_UNGUARDED_AVAILABILITY = YES_AGGRESSIVE;
				CLANG_WARN_UNREACHABLE_CODE = YES;
				CLANG_WARN__DUPLICATE_METHOD_MATCH = YES;
				COPY_PHASE_STRIP = NO;
				DEBUG_INFORMATION_FORMAT = dwarf;
				ENABLE_STRICT_OBJC_MSGSEND = YES;
				ENABLE_TESTABILITY = YES;
				ENABLE_USER_SCRIPT_SANDBOXING = YES;
				GCC_C_LANGUAGE_STANDARD = gnu17;
				GCC_DYNAMIC_NO_PIC = NO;
				GCC_NO_COMMON_BLOCKS = YES;
				GCC_OPTIMIZATION_LEVEL = 0;
				GCC_PREPROCESSOR_DEFINITIONS = (
					"DEBUG=1",
					"$(inherited)",
				);
				GCC_WARN_64_TO_32_BIT_CONVERSION = YES;
				GCC_WARN_ABOUT_RETURN_TYPE = YES_ERROR;
				GCC_WARN_UNDECLARED_SELECTOR = YES;
				GCC_WARN_UNINITIALIZED_AUTOS = YES_AGGRESSIVE;
				GCC_WARN_UNUSED_FUNCTION = YES;
				GCC_WARN_UNUSED_VARIABLE = YES;
				IPHONEOS_DEPLOYMENT_TARGET = 17.5;
				LOCALIZATION_PREFERS_STRING_CATALOGS = YES;
				MTL_ENABLE_DEBUG_INFO = INCLUDE_SOURCE;
				MTL_FAST_MATH = YES;
				ONLY_ACTIVE_ARCH = YES;
				SDKROOT = iphoneos;
				SWIFT_ACTIVE_COMPILATION_CONDITIONS = "DEBUG $(inherited)";
				SWIFT_OPTIMIZATION_LEVEL = "-Onone";
			};
			name = Debug;
		};
		BC03E5AA2C5DB5FC000D63A2 /* Release */ = {
			isa = XCBuildConfiguration;
			buildSettings = {
				ALWAYS_SEARCH_USER_PATHS = NO;
				ASSETCATALOG_COMPILER_GENERATE_SWIFT_ASSET_SYMBOL_EXTENSIONS = YES;
				CLANG_ANALYZER_NONNULL = YES;
				CLANG_ANALYZER_NUMBER_OBJECT_CONVERSION = YES_AGGRESSIVE;
				CLANG_CXX_LANGUAGE_STANDARD = "gnu++20";
				CLANG_ENABLE_MODULES = YES;
				CLANG_ENABLE_OBJC_ARC = YES;
				CLANG_ENABLE_OBJC_WEAK = YES;
				CLANG_WARN_BLOCK_CAPTURE_AUTORELEASING = YES;
				CLANG_WARN_BOOL_CONVERSION = YES;
				CLANG_WARN_COMMA = YES;
				CLANG_WARN_CONSTANT_CONVERSION = YES;
				CLANG_WARN_DEPRECATED_OBJC_IMPLEMENTATIONS = YES;
				CLANG_WARN_DIRECT_OBJC_ISA_USAGE = YES_ERROR;
				CLANG_WARN_DOCUMENTATION_COMMENTS = YES;
				CLANG_WARN_EMPTY_BODY = YES;
				CLANG_WARN_ENUM_CONVERSION = YES;
				CLANG_WARN_INFINITE_RECURSION = YES;
				CLANG_WARN_INT_CONVERSION = YES;
				CLANG_WARN_NON_LITERAL_NULL_CONVERSION = YES;
				CLANG_WARN_OBJC_IMPLICIT_RETAIN_SELF = YES;
				CLANG_WARN_OBJC_LITERAL_CONVERSION = YES;
				CLANG_WARN_OBJC_ROOT_CLASS = YES_ERROR;
				CLANG_WARN_QUOTED_INCLUDE_IN_FRAMEWORK_HEADER = YES;
				CLANG_WARN_RANGE_LOOP_ANALYSIS = YES;
				CLANG_WARN_STRICT_PROTOTYPES = YES;
				CLANG_WARN_SUSPICIOUS_MOVE = YES;
				CLANG_WARN_UNGUARDED_AVAILABILITY = YES_AGGRESSIVE;
				CLANG_WARN_UNREACHABLE_CODE = YES;
				CLANG_WARN__DUPLICATE_METHOD_MATCH = YES;
				COPY_PHASE_STRIP = NO;
				DEBUG_INFORMATION_FORMAT = "dwarf-with-dsym";
				ENABLE_NS_ASSERTIONS = NO;
				ENABLE_STRICT_OBJC_MSGSEND = YES;
				ENABLE_USER_SCRIPT_SANDBOXING = YES;
				GCC_C_LANGUAGE_STANDARD = gnu17;
				GCC_NO_COMMON_BLOCKS = YES;
				GCC_WARN_64_TO_32_BIT_CONVERSION = YES;
				GCC_WARN_ABOUT_RETURN_TYPE = YES_ERROR;
				GCC_WARN_UNDECLARED_SELECTOR = YES;
				GCC_WARN_UNINITIALIZED_AUTOS = YES_AGGRESSIVE;
				GCC_WARN_UNUSED_FUNCTION = YES;
				GCC_WARN_UNUSED_VARIABLE = YES;
				IPHONEOS_DEPLOYMENT_TARGET = 17.5;
				LOCALIZATION_PREFERS_STRING_CATALOGS = YES;
				MTL_ENABLE_DEBUG_INFO = NO;
				MTL_FAST_MATH = YES;
				SDKROOT = iphoneos;
				SWIFT_COMPILATION_MODE = wholemodule;
				VALIDATE_PRODUCT = YES;
			};
			name = Release;
		};
		BC03E5AC2C5DB5FC000D63A2 /* Debug */ = {
			isa = XCBuildConfiguration;
			buildSettings = {
				ASSETCATALOG_COMPILER_APPICON_NAME = AppIcon;
				ASSETCATALOG_COMPILER_GLOBAL_ACCENT_COLOR_NAME = AccentColor;
				CODE_SIGN_STYLE = Automatic;
				CURRENT_PROJECT_VERSION = 1;
				DEVELOPMENT_ASSET_PATHS = "\"DearFriend/Preview Content\"";
				DEVELOPMENT_TEAM = QZHA5PV55X;
				ENABLE_PREVIEWS = YES;
				GENERATE_INFOPLIST_FILE = YES;
				INFOPLIST_KEY_UIApplicationSceneManifest_Generation = YES;
				INFOPLIST_KEY_UIApplicationSupportsIndirectInputEvents = YES;
				INFOPLIST_KEY_UILaunchScreen_Generation = YES;
				INFOPLIST_KEY_UISupportedInterfaceOrientations_iPad = "UIInterfaceOrientationPortrait UIInterfaceOrientationPortraitUpsideDown UIInterfaceOrientationLandscapeLeft UIInterfaceOrientationLandscapeRight";
				INFOPLIST_KEY_UISupportedInterfaceOrientations_iPhone = "UIInterfaceOrientationPortrait UIInterfaceOrientationLandscapeLeft UIInterfaceOrientationLandscapeRight";
				LD_RUNPATH_SEARCH_PATHS = (
					"$(inherited)",
					"@executable_path/Frameworks",
				);
				MARKETING_VERSION = 1.0;
				PRODUCT_BUNDLE_IDENTIFIER = com.minhha.DearFriend;
				PRODUCT_NAME = "$(TARGET_NAME)";
				SWIFT_EMIT_LOC_STRINGS = YES;
				SWIFT_VERSION = 5.0;
				TARGETED_DEVICE_FAMILY = "1,2";
			};
			name = Debug;
		};
		BC03E5AD2C5DB5FC000D63A2 /* Release */ = {
			isa = XCBuildConfiguration;
			buildSettings = {
				ASSETCATALOG_COMPILER_APPICON_NAME = AppIcon;
				ASSETCATALOG_COMPILER_GLOBAL_ACCENT_COLOR_NAME = AccentColor;
				CODE_SIGN_STYLE = Automatic;
				CURRENT_PROJECT_VERSION = 1;
				DEVELOPMENT_ASSET_PATHS = "\"DearFriend/Preview Content\"";
				DEVELOPMENT_TEAM = QZHA5PV55X;
				ENABLE_PREVIEWS = YES;
				GENERATE_INFOPLIST_FILE = YES;
				INFOPLIST_KEY_UIApplicationSceneManifest_Generation = YES;
				INFOPLIST_KEY_UIApplicationSupportsIndirectInputEvents = YES;
				INFOPLIST_KEY_UILaunchScreen_Generation = YES;
				INFOPLIST_KEY_UISupportedInterfaceOrientations_iPad = "UIInterfaceOrientationPortrait UIInterfaceOrientationPortraitUpsideDown UIInterfaceOrientationLandscapeLeft UIInterfaceOrientationLandscapeRight";
				INFOPLIST_KEY_UISupportedInterfaceOrientations_iPhone = "UIInterfaceOrientationPortrait UIInterfaceOrientationLandscapeLeft UIInterfaceOrientationLandscapeRight";
				LD_RUNPATH_SEARCH_PATHS = (
					"$(inherited)",
					"@executable_path/Frameworks",
				);
				MARKETING_VERSION = 1.0;
				PRODUCT_BUNDLE_IDENTIFIER = com.minhha.DearFriend;
				PRODUCT_NAME = "$(TARGET_NAME)";
				SWIFT_EMIT_LOC_STRINGS = YES;
				SWIFT_VERSION = 5.0;
				TARGETED_DEVICE_FAMILY = "1,2";
			};
			name = Release;
		};
/* End XCBuildConfiguration section */

/* Begin XCConfigurationList section */
		BC03E5982C5DB5FB000D63A2 /* Build configuration list for PBXProject "DearFriend" */ = {
			isa = XCConfigurationList;
			buildConfigurations = (
				BC03E5A92C5DB5FC000D63A2 /* Debug */,
				BC03E5AA2C5DB5FC000D63A2 /* Release */,
			);
			defaultConfigurationIsVisible = 0;
			defaultConfigurationName = Release;
		};
		BC03E5AB2C5DB5FC000D63A2 /* Build configuration list for PBXNativeTarget "DearFriend" */ = {
			isa = XCConfigurationList;
			buildConfigurations = (
				BC03E5AC2C5DB5FC000D63A2 /* Debug */,
				BC03E5AD2C5DB5FC000D63A2 /* Release */,
			);
			defaultConfigurationIsVisible = 0;
			defaultConfigurationName = Release;
		};
/* End XCConfigurationList section */
	};
	rootObject = BC03E5952C5DB5FB000D63A2 /* Project object */;
}
